// !$*UTF8*$!
{
	archiveVersion = 1;
	classes = {
	};
	objectVersion = 46;
	objects = {

/* Begin PBXBuildFile section */
		C497D0FB7CA96F3F913512DF /* Pods_DouYuZB.framework in Frameworks */ = {isa = PBXBuildFile; fileRef = A35535DF8C48C5C00210387C /* Pods_DouYuZB.framework */; };
		D53AEA211EC98DB1009C70C3 /* GameViewController.swift in Sources */ = {isa = PBXBuildFile; fileRef = D53AEA201EC98DB1009C70C3 /* GameViewController.swift */; };
		D53AEA231EC9942B009C70C3 /* GameViewModel.swift in Sources */ = {isa = PBXBuildFile; fileRef = D53AEA221EC9942B009C70C3 /* GameViewModel.swift */; };
		D53AEA251EC99850009C70C3 /* GameModel.swift in Sources */ = {isa = PBXBuildFile; fileRef = D53AEA241EC99850009C70C3 /* GameModel.swift */; };
		D53AEA271EC999B1009C70C3 /* BaseGameModel.swift in Sources */ = {isa = PBXBuildFile; fileRef = D53AEA261EC999B1009C70C3 /* BaseGameModel.swift */; };
		D53AEA291EC9B5C6009C70C3 /* AmuseViewController.swift in Sources */ = {isa = PBXBuildFile; fileRef = D53AEA281EC9B5C6009C70C3 /* AmuseViewController.swift */; };
		D53AEA2B1EC9C003009C70C3 /* AmuseViewModel.swift in Sources */ = {isa = PBXBuildFile; fileRef = D53AEA2A1EC9C003009C70C3 /* AmuseViewModel.swift */; };
		D53B096F1EC01F1200144377 /* AdsCollectionViewCell.swift in Sources */ = {isa = PBXBuildFile; fileRef = D53B096D1EC01F1200144377 /* AdsCollectionViewCell.swift */; };
		D53B09701EC01F1200144377 /* AdsCollectionViewCell.xib in Resources */ = {isa = PBXBuildFile; fileRef = D53B096E1EC01F1200144377 /* AdsCollectionViewCell.xib */; };
		D53B09721EC0440300144377 /* GameRecommendView.swift in Sources */ = {isa = PBXBuildFile; fileRef = D53B09711EC0440300144377 /* GameRecommendView.swift */; };
		D53B09741EC0441400144377 /* GameRecommendView.xib in Resources */ = {isa = PBXBuildFile; fileRef = D53B09731EC0441400144377 /* GameRecommendView.xib */; };
		D53B09771EC04E6800144377 /* GameCollectionViewCell.swift in Sources */ = {isa = PBXBuildFile; fileRef = D53B09751EC04E6800144377 /* GameCollectionViewCell.swift */; };
		D53B09781EC04E6800144377 /* GameCollectionViewCell.xib in Resources */ = {isa = PBXBuildFile; fileRef = D53B09761EC04E6800144377 /* GameCollectionViewCell.xib */; };
		D53B75BF1EB1D1AE005DA31D /* NetworkTools.swift in Sources */ = {isa = PBXBuildFile; fileRef = D53B75BE1EB1D1AE005DA31D /* NetworkTools.swift */; };
		D53B75C31EB1F0EC005DA31D /* RecommendViewModel.swift in Sources */ = {isa = PBXBuildFile; fileRef = D53B75C21EB1F0EC005DA31D /* RecommendViewModel.swift */; };
		D53B75C51EB1F494005DA31D /* NSDate-Extension.swift in Sources */ = {isa = PBXBuildFile; fileRef = D53B75C41EB1F494005DA31D /* NSDate-Extension.swift */; };
		D53B75C71EB1FBE2005DA31D /* AnchorGroupModel.swift in Sources */ = {isa = PBXBuildFile; fileRef = D53B75C61EB1FBE2005DA31D /* AnchorGroupModel.swift */; };
		D53B75C91EB2017F005DA31D /* AnchorModel.swift in Sources */ = {isa = PBXBuildFile; fileRef = D53B75C81EB2017F005DA31D /* AnchorModel.swift */; };
		D58835431EADCFFD00DB47CB /* Home.storyboard in Resources */ = {isa = PBXBuildFile; fileRef = D58835411EADCFFD00DB47CB /* Home.storyboard */; };
		D58835461EADD01E00DB47CB /* Live.storyboard in Resources */ = {isa = PBXBuildFile; fileRef = D58835441EADD01E00DB47CB /* Live.storyboard */; };
		D58835491EADD03300DB47CB /* Focus.storyboard in Resources */ = {isa = PBXBuildFile; fileRef = D58835471EADD03300DB47CB /* Focus.storyboard */; };
		D588354C1EADD04A00DB47CB /* Discovery.storyboard in Resources */ = {isa = PBXBuildFile; fileRef = D588354A1EADD04A00DB47CB /* Discovery.storyboard */; };
		D588354F1EADD05700DB47CB /* Mine.storyboard in Resources */ = {isa = PBXBuildFile; fileRef = D588354D1EADD05700DB47CB /* Mine.storyboard */; };
		D58835561EADD84700DB47CB /* MainViewController.swift in Sources */ = {isa = PBXBuildFile; fileRef = D58835531EADD84700DB47CB /* MainViewController.swift */; };
		D588355B1EADD8B500DB47CB /* HomeViewController.swift in Sources */ = {isa = PBXBuildFile; fileRef = D588355A1EADD8B500DB47CB /* HomeViewController.swift */; };
		D588355E1EADE76900DB47CB /* UIBarButtonItem-Extension.swift in Sources */ = {isa = PBXBuildFile; fileRef = D588355D1EADE76900DB47CB /* UIBarButtonItem-Extension.swift */; };
		D58835601EADEFEB00DB47CB /* PageTitleView.swift in Sources */ = {isa = PBXBuildFile; fileRef = D588355F1EADEFEB00DB47CB /* PageTitleView.swift */; };
		D58835621EADF1DB00DB47CB /* Common.swift in Sources */ = {isa = PBXBuildFile; fileRef = D58835611EADF1DB00DB47CB /* Common.swift */; };
		D58835641EAE026700DB47CB /* PageContentView.swift in Sources */ = {isa = PBXBuildFile; fileRef = D58835631EAE026700DB47CB /* PageContentView.swift */; };
		D58835661EAE054400DB47CB /* UIColor-Extension.swift in Sources */ = {isa = PBXBuildFile; fileRef = D58835651EAE054400DB47CB /* UIColor-Extension.swift */; };
		D59912691EADA0B700B8AE0D /* AppDelegate.swift in Sources */ = {isa = PBXBuildFile; fileRef = D59912681EADA0B700B8AE0D /* AppDelegate.swift */; };
		D599126E1EADA0B700B8AE0D /* Main.storyboard in Resources */ = {isa = PBXBuildFile; fileRef = D599126C1EADA0B700B8AE0D /* Main.storyboard */; };
		D59912711EADA0B700B8AE0D /* DouYuZB.xcdatamodeld in Sources */ = {isa = PBXBuildFile; fileRef = D599126F1EADA0B700B8AE0D /* DouYuZB.xcdatamodeld */; };
		D59912731EADA0B700B8AE0D /* Assets.xcassets in Resources */ = {isa = PBXBuildFile; fileRef = D59912721EADA0B700B8AE0D /* Assets.xcassets */; };
		D59912761EADA0B700B8AE0D /* LaunchScreen.storyboard in Resources */ = {isa = PBXBuildFile; fileRef = D59912741EADA0B700B8AE0D /* LaunchScreen.storyboard */; };
		D5AEF4571EAF365D0076A5F6 /* RecommendViewController.swift in Sources */ = {isa = PBXBuildFile; fileRef = D5AEF4561EAF365D0076A5F6 /* RecommendViewController.swift */; };
		D5AEF45A1EAF43BB0076A5F6 /* CollectionHeaderView.swift in Sources */ = {isa = PBXBuildFile; fileRef = D5AEF4581EAF43BB0076A5F6 /* CollectionHeaderView.swift */; };
		D5AEF45B1EAF43BB0076A5F6 /* CollectionHeaderView.xib in Resources */ = {isa = PBXBuildFile; fileRef = D5AEF4591EAF43BB0076A5F6 /* CollectionHeaderView.xib */; };
		D5AEF45E1EAF4A230076A5F6 /* NormalCollectionViewCell.swift in Sources */ = {isa = PBXBuildFile; fileRef = D5AEF45C1EAF4A230076A5F6 /* NormalCollectionViewCell.swift */; };
		D5AEF45F1EAF4A230076A5F6 /* NormalCollectionViewCell.xib in Resources */ = {isa = PBXBuildFile; fileRef = D5AEF45D1EAF4A230076A5F6 /* NormalCollectionViewCell.xib */; };
		D5AEF4621EAF59460076A5F6 /* NiceCollectionViewCell.swift in Sources */ = {isa = PBXBuildFile; fileRef = D5AEF4601EAF59460076A5F6 /* NiceCollectionViewCell.swift */; };
		D5AEF4631EAF59460076A5F6 /* NiceCollectionViewCell.xib in Resources */ = {isa = PBXBuildFile; fileRef = D5AEF4611EAF59460076A5F6 /* NiceCollectionViewCell.xib */; };
		D5B3D8731EBC66E60008AA4F /* BaseCollectionViewCell.swift in Sources */ = {isa = PBXBuildFile; fileRef = D5B3D8721EBC66E60008AA4F /* BaseCollectionViewCell.swift */; };
		D5B3D8751EBC77BA0008AA4F /* RecommendAdv.swift in Sources */ = {isa = PBXBuildFile; fileRef = D5B3D8741EBC77BA0008AA4F /* RecommendAdv.swift */; };
		D5B3D87B1EBC78B30008AA4F /* RecommendAdv.xib in Resources */ = {isa = PBXBuildFile; fileRef = D5B3D87A1EBC78B30008AA4F /* RecommendAdv.xib */; };
		D5B3D87D1EBC941C0008AA4F /* AdsModel.swift in Sources */ = {isa = PBXBuildFile; fileRef = D5B3D87C1EBC941C0008AA4F /* AdsModel.swift */; };
/* End PBXBuildFile section */

/* Begin PBXFileReference section */
		17DACAE3AAD6231C80F33A5A /* Pods-DouYuZB.release.xcconfig */ = {isa = PBXFileReference; includeInIndex = 1; lastKnownFileType = text.xcconfig; name = "Pods-DouYuZB.release.xcconfig"; path = "Pods/Target Support Files/Pods-DouYuZB/Pods-DouYuZB.release.xcconfig"; sourceTree = "<group>"; };
		A35535DF8C48C5C00210387C /* Pods_DouYuZB.framework */ = {isa = PBXFileReference; explicitFileType = wrapper.framework; includeInIndex = 0; path = Pods_DouYuZB.framework; sourceTree = BUILT_PRODUCTS_DIR; };
		D4967E4C26DC946C756C792B /* Pods-DouYuZB.debug.xcconfig */ = {isa = PBXFileReference; includeInIndex = 1; lastKnownFileType = text.xcconfig; name = "Pods-DouYuZB.debug.xcconfig"; path = "Pods/Target Support Files/Pods-DouYuZB/Pods-DouYuZB.debug.xcconfig"; sourceTree = "<group>"; };
		D53AEA201EC98DB1009C70C3 /* GameViewController.swift */ = {isa = PBXFileReference; fileEncoding = 4; lastKnownFileType = sourcecode.swift; path = GameViewController.swift; sourceTree = "<group>"; };
		D53AEA221EC9942B009C70C3 /* GameViewModel.swift */ = {isa = PBXFileReference; fileEncoding = 4; lastKnownFileType = sourcecode.swift; path = GameViewModel.swift; sourceTree = "<group>"; };
		D53AEA241EC99850009C70C3 /* GameModel.swift */ = {isa = PBXFileReference; fileEncoding = 4; lastKnownFileType = sourcecode.swift; name = GameModel.swift; path = DouYuZB/Classes/Home/ViewModel/GameModel.swift; sourceTree = SOURCE_ROOT; };
		D53AEA261EC999B1009C70C3 /* BaseGameModel.swift */ = {isa = PBXFileReference; fileEncoding = 4; lastKnownFileType = sourcecode.swift; name = BaseGameModel.swift; path = DouYuZB/Classes/Home/ViewModel/BaseGameModel.swift; sourceTree = SOURCE_ROOT; };
		D53AEA281EC9B5C6009C70C3 /* AmuseViewController.swift */ = {isa = PBXFileReference; fileEncoding = 4; lastKnownFileType = sourcecode.swift; path = AmuseViewController.swift; sourceTree = "<group>"; };
		D53AEA2A1EC9C003009C70C3 /* AmuseViewModel.swift */ = {isa = PBXFileReference; fileEncoding = 4; lastKnownFileType = sourcecode.swift; path = AmuseViewModel.swift; sourceTree = "<group>"; };
		D53B096D1EC01F1200144377 /* AdsCollectionViewCell.swift */ = {isa = PBXFileReference; fileEncoding = 4; lastKnownFileType = sourcecode.swift; path = AdsCollectionViewCell.swift; sourceTree = "<group>"; };
		D53B096E1EC01F1200144377 /* AdsCollectionViewCell.xib */ = {isa = PBXFileReference; fileEncoding = 4; lastKnownFileType = file.xib; path = AdsCollectionViewCell.xib; sourceTree = "<group>"; };
		D53B09711EC0440300144377 /* GameRecommendView.swift */ = {isa = PBXFileReference; fileEncoding = 4; lastKnownFileType = sourcecode.swift; path = GameRecommendView.swift; sourceTree = "<group>"; };
		D53B09731EC0441400144377 /* GameRecommendView.xib */ = {isa = PBXFileReference; fileEncoding = 4; lastKnownFileType = file.xib; path = GameRecommendView.xib; sourceTree = "<group>"; };
		D53B09751EC04E6800144377 /* GameCollectionViewCell.swift */ = {isa = PBXFileReference; fileEncoding = 4; lastKnownFileType = sourcecode.swift; path = GameCollectionViewCell.swift; sourceTree = "<group>"; };
		D53B09761EC04E6800144377 /* GameCollectionViewCell.xib */ = {isa = PBXFileReference; fileEncoding = 4; lastKnownFileType = file.xib; path = GameCollectionViewCell.xib; sourceTree = "<group>"; };
		D53B75BE1EB1D1AE005DA31D /* NetworkTools.swift */ = {isa = PBXFileReference; fileEncoding = 4; lastKnownFileType = sourcecode.swift; path = NetworkTools.swift; sourceTree = "<group>"; };
		D53B75C21EB1F0EC005DA31D /* RecommendViewModel.swift */ = {isa = PBXFileReference; fileEncoding = 4; lastKnownFileType = sourcecode.swift; path = RecommendViewModel.swift; sourceTree = "<group>"; };
		D53B75C41EB1F494005DA31D /* NSDate-Extension.swift */ = {isa = PBXFileReference; fileEncoding = 4; lastKnownFileType = sourcecode.swift; path = "NSDate-Extension.swift"; sourceTree = "<group>"; };
		D53B75C61EB1FBE2005DA31D /* AnchorGroupModel.swift */ = {isa = PBXFileReference; fileEncoding = 4; lastKnownFileType = sourcecode.swift; name = AnchorGroupModel.swift; path = DouYuZB/Classes/Tools/Extension/AnchorGroupModel.swift; sourceTree = SOURCE_ROOT; };
		D53B75C81EB2017F005DA31D /* AnchorModel.swift */ = {isa = PBXFileReference; fileEncoding = 4; lastKnownFileType = sourcecode.swift; name = AnchorModel.swift; path = DouYuZB/Classes/Tools/Extension/AnchorModel.swift; sourceTree = SOURCE_ROOT; };
		D58835421EADCFFD00DB47CB /* Base */ = {isa = PBXFileReference; lastKnownFileType = file.storyboard; name = Base; path = DouYuZB/Base.lproj/Home.storyboard; sourceTree = SOURCE_ROOT; };
		D58835451EADD01E00DB47CB /* Base */ = {isa = PBXFileReference; lastKnownFileType = file.storyboard; name = Base; path = DouYuZB/Base.lproj/Live.storyboard; sourceTree = SOURCE_ROOT; };
		D58835481EADD03300DB47CB /* Base */ = {isa = PBXFileReference; lastKnownFileType = file.storyboard; name = Base; path = DouYuZB/Base.lproj/Focus.storyboard; sourceTree = SOURCE_ROOT; };
		D588354B1EADD04A00DB47CB /* Base */ = {isa = PBXFileReference; lastKnownFileType = file.storyboard; name = Base; path = DouYuZB/Base.lproj/Discovery.storyboard; sourceTree = SOURCE_ROOT; };
		D588354E1EADD05700DB47CB /* Base */ = {isa = PBXFileReference; lastKnownFileType = file.storyboard; name = Base; path = DouYuZB/Base.lproj/Mine.storyboard; sourceTree = SOURCE_ROOT; };
		D58835531EADD84700DB47CB /* MainViewController.swift */ = {isa = PBXFileReference; fileEncoding = 4; lastKnownFileType = sourcecode.swift; path = MainViewController.swift; sourceTree = "<group>"; };
		D588355A1EADD8B500DB47CB /* HomeViewController.swift */ = {isa = PBXFileReference; fileEncoding = 4; lastKnownFileType = sourcecode.swift; path = HomeViewController.swift; sourceTree = "<group>"; };
		D588355D1EADE76900DB47CB /* UIBarButtonItem-Extension.swift */ = {isa = PBXFileReference; fileEncoding = 4; lastKnownFileType = sourcecode.swift; path = "UIBarButtonItem-Extension.swift"; sourceTree = "<group>"; };
		D588355F1EADEFEB00DB47CB /* PageTitleView.swift */ = {isa = PBXFileReference; fileEncoding = 4; lastKnownFileType = sourcecode.swift; path = PageTitleView.swift; sourceTree = "<group>"; };
		D58835611EADF1DB00DB47CB /* Common.swift */ = {isa = PBXFileReference; fileEncoding = 4; lastKnownFileType = sourcecode.swift; path = Common.swift; sourceTree = "<group>"; };
		D58835631EAE026700DB47CB /* PageContentView.swift */ = {isa = PBXFileReference; fileEncoding = 4; lastKnownFileType = sourcecode.swift; path = PageContentView.swift; sourceTree = "<group>"; };
		D58835651EAE054400DB47CB /* UIColor-Extension.swift */ = {isa = PBXFileReference; fileEncoding = 4; lastKnownFileType = sourcecode.swift; path = "UIColor-Extension.swift"; sourceTree = "<group>"; };
		D59912651EADA0B700B8AE0D /* DouYuZB.app */ = {isa = PBXFileReference; explicitFileType = wrapper.application; includeInIndex = 0; path = DouYuZB.app; sourceTree = BUILT_PRODUCTS_DIR; };
		D59912681EADA0B700B8AE0D /* AppDelegate.swift */ = {isa = PBXFileReference; lastKnownFileType = sourcecode.swift; path = AppDelegate.swift; sourceTree = "<group>"; };
		D599126D1EADA0B700B8AE0D /* Base */ = {isa = PBXFileReference; lastKnownFileType = file.storyboard; name = Base; path = Base.lproj/Main.storyboard; sourceTree = "<group>"; };
		D59912701EADA0B700B8AE0D /* DouYuZB.xcdatamodel */ = {isa = PBXFileReference; lastKnownFileType = wrapper.xcdatamodel; path = DouYuZB.xcdatamodel; sourceTree = "<group>"; };
		D59912721EADA0B700B8AE0D /* Assets.xcassets */ = {isa = PBXFileReference; lastKnownFileType = folder.assetcatalog; path = Assets.xcassets; sourceTree = "<group>"; };
		D59912751EADA0B700B8AE0D /* Base */ = {isa = PBXFileReference; lastKnownFileType = file.storyboard; name = Base; path = Base.lproj/LaunchScreen.storyboard; sourceTree = "<group>"; };
		D59912771EADA0B700B8AE0D /* Info.plist */ = {isa = PBXFileReference; lastKnownFileType = text.plist.xml; path = Info.plist; sourceTree = "<group>"; };
		D5AEF4561EAF365D0076A5F6 /* RecommendViewController.swift */ = {isa = PBXFileReference; fileEncoding = 4; lastKnownFileType = sourcecode.swift; path = RecommendViewController.swift; sourceTree = "<group>"; };
		D5AEF4581EAF43BB0076A5F6 /* CollectionHeaderView.swift */ = {isa = PBXFileReference; fileEncoding = 4; lastKnownFileType = sourcecode.swift; path = CollectionHeaderView.swift; sourceTree = "<group>"; };
		D5AEF4591EAF43BB0076A5F6 /* CollectionHeaderView.xib */ = {isa = PBXFileReference; fileEncoding = 4; lastKnownFileType = file.xib; path = CollectionHeaderView.xib; sourceTree = "<group>"; };
		D5AEF45C1EAF4A230076A5F6 /* NormalCollectionViewCell.swift */ = {isa = PBXFileReference; fileEncoding = 4; lastKnownFileType = sourcecode.swift; path = NormalCollectionViewCell.swift; sourceTree = "<group>"; };
		D5AEF45D1EAF4A230076A5F6 /* NormalCollectionViewCell.xib */ = {isa = PBXFileReference; fileEncoding = 4; lastKnownFileType = file.xib; path = NormalCollectionViewCell.xib; sourceTree = "<group>"; };
		D5AEF4601EAF59460076A5F6 /* NiceCollectionViewCell.swift */ = {isa = PBXFileReference; fileEncoding = 4; lastKnownFileType = sourcecode.swift; path = NiceCollectionViewCell.swift; sourceTree = "<group>"; };
		D5AEF4611EAF59460076A5F6 /* NiceCollectionViewCell.xib */ = {isa = PBXFileReference; fileEncoding = 4; lastKnownFileType = file.xib; path = NiceCollectionViewCell.xib; sourceTree = "<group>"; };
		D5B3D8721EBC66E60008AA4F /* BaseCollectionViewCell.swift */ = {isa = PBXFileReference; fileEncoding = 4; lastKnownFileType = sourcecode.swift; path = BaseCollectionViewCell.swift; sourceTree = "<group>"; };
		D5B3D8741EBC77BA0008AA4F /* RecommendAdv.swift */ = {isa = PBXFileReference; fileEncoding = 4; lastKnownFileType = sourcecode.swift; path = RecommendAdv.swift; sourceTree = "<group>"; };
		D5B3D87A1EBC78B30008AA4F /* RecommendAdv.xib */ = {isa = PBXFileReference; fileEncoding = 4; lastKnownFileType = file.xib; path = RecommendAdv.xib; sourceTree = "<group>"; };
		D5B3D87C1EBC941C0008AA4F /* AdsModel.swift */ = {isa = PBXFileReference; fileEncoding = 4; lastKnownFileType = sourcecode.swift; name = AdsModel.swift; path = DouYuZB/Classes/Home/View/AdsModel.swift; sourceTree = SOURCE_ROOT; };
/* End PBXFileReference section */

/* Begin PBXFrameworksBuildPhase section */
		D59912621EADA0B700B8AE0D /* Frameworks */ = {
			isa = PBXFrameworksBuildPhase;
			buildActionMask = 2147483647;
			files = (
				C497D0FB7CA96F3F913512DF /* Pods_DouYuZB.framework in Frameworks */,
			);
			runOnlyForDeploymentPostprocessing = 0;
		};
/* End PBXFrameworksBuildPhase section */

/* Begin PBXGroup section */
		2C670062E8B71356FF449A24 /* Pods */ = {
			isa = PBXGroup;
			children = (
				D4967E4C26DC946C756C792B /* Pods-DouYuZB.debug.xcconfig */,
				17DACAE3AAD6231C80F33A5A /* Pods-DouYuZB.release.xcconfig */,
			);
			name = Pods;
			sourceTree = "<group>";
		};
		68556FA08C5BCCA462B2031C /* Frameworks */ = {
			isa = PBXGroup;
			children = (
				A35535DF8C48C5C00210387C /* Pods_DouYuZB.framework */,
			);
			name = Frameworks;
			sourceTree = "<group>";
		};
		D53B75C01EB1E09B005DA31D /* ViewModel */ = {
			isa = PBXGroup;
			children = (
				D53B75C21EB1F0EC005DA31D /* RecommendViewModel.swift */,
				D53AEA221EC9942B009C70C3 /* GameViewModel.swift */,
				D53AEA2A1EC9C003009C70C3 /* AmuseViewModel.swift */,
			);
			path = ViewModel;
			sourceTree = "<group>";
		};
		D53B75C11EB1E0AD005DA31D /* ViewModel */ = {
			isa = PBXGroup;
			children = (
			);
			path = ViewModel;
			sourceTree = "<group>";
		};
		D58835391EADBDB000DB47CB /* Classes */ = {
			isa = PBXGroup;
			children = (
				D588353E1EADBDB000DB47CB /* Main */,
				D588353C1EADBDB000DB47CB /* Home */,
				D588353D1EADBDB000DB47CB /* Live */,
				D588353B1EADBDB000DB47CB /* Focus */,
				D588353A1EADBDB000DB47CB /* Discovery */,
				D588353F1EADBDB000DB47CB /* Mine */,
				D58835401EADBDB000DB47CB /* Tools */,
			);
			path = Classes;
			sourceTree = "<group>";
		};
		D588353A1EADBDB000DB47CB /* Discovery */ = {
			isa = PBXGroup;
			children = (
				D588354A1EADD04A00DB47CB /* Discovery.storyboard */,
			);
			path = Discovery;
			sourceTree = "<group>";
		};
		D588353B1EADBDB000DB47CB /* Focus */ = {
			isa = PBXGroup;
			children = (
				D58835471EADD03300DB47CB /* Focus.storyboard */,
			);
			path = Focus;
			sourceTree = "<group>";
		};
		D588353C1EADBDB000DB47CB /* Home */ = {
			isa = PBXGroup;
			children = (
				D53B75C01EB1E09B005DA31D /* ViewModel */,
				D58835581EADD87A00DB47CB /* Model */,
				D58835591EADD87A00DB47CB /* View */,
				D58835571EADD87A00DB47CB /* Controller */,
			);
			path = Home;
			sourceTree = "<group>";
		};
		D588353D1EADBDB000DB47CB /* Live */ = {
			isa = PBXGroup;
			children = (
				D58835441EADD01E00DB47CB /* Live.storyboard */,
			);
			path = Live;
			sourceTree = "<group>";
		};
		D588353E1EADBDB000DB47CB /* Main */ = {
			isa = PBXGroup;
			children = (
				D53B75C11EB1E0AD005DA31D /* ViewModel */,
				D58835541EADD84700DB47CB /* Model */,
				D58835551EADD84700DB47CB /* View */,
				D58835521EADD84700DB47CB /* Controller */,
			);
			path = Main;
			sourceTree = "<group>";
		};
		D588353F1EADBDB000DB47CB /* Mine */ = {
			isa = PBXGroup;
			children = (
				D588354D1EADD05700DB47CB /* Mine.storyboard */,
			);
			path = Mine;
			sourceTree = "<group>";
		};
		D58835401EADBDB000DB47CB /* Tools */ = {
			isa = PBXGroup;
			children = (
				D588355C1EADE70900DB47CB /* Extension */,
				D58835611EADF1DB00DB47CB /* Common.swift */,
				D53B75BE1EB1D1AE005DA31D /* NetworkTools.swift */,
			);
			path = Tools;
			sourceTree = "<group>";
		};
		D58835521EADD84700DB47CB /* Controller */ = {
			isa = PBXGroup;
			children = (
				D599126C1EADA0B700B8AE0D /* Main.storyboard */,
				D58835531EADD84700DB47CB /* MainViewController.swift */,
			);
			path = Controller;
			sourceTree = "<group>";
		};
		D58835541EADD84700DB47CB /* Model */ = {
			isa = PBXGroup;
			children = (
				D53AEA261EC999B1009C70C3 /* BaseGameModel.swift */,
				D53B75C61EB1FBE2005DA31D /* AnchorGroupModel.swift */,
				D53B75C81EB2017F005DA31D /* AnchorModel.swift */,
			);
			path = Model;
			sourceTree = "<group>";
		};
		D58835551EADD84700DB47CB /* View */ = {
			isa = PBXGroup;
			children = (
				D588355F1EADEFEB00DB47CB /* PageTitleView.swift */,
				D58835631EAE026700DB47CB /* PageContentView.swift */,
				D5AEF45C1EAF4A230076A5F6 /* NormalCollectionViewCell.swift */,
				D5AEF45D1EAF4A230076A5F6 /* NormalCollectionViewCell.xib */,
				D5AEF4601EAF59460076A5F6 /* NiceCollectionViewCell.swift */,
				D5AEF4611EAF59460076A5F6 /* NiceCollectionViewCell.xib */,
				D5B3D8721EBC66E60008AA4F /* BaseCollectionViewCell.swift */,
			);
			path = View;
			sourceTree = "<group>";
		};
		D58835571EADD87A00DB47CB /* Controller */ = {
			isa = PBXGroup;
			children = (
				D58835411EADCFFD00DB47CB /* Home.storyboard */,
				D588355A1EADD8B500DB47CB /* HomeViewController.swift */,
				D5AEF4561EAF365D0076A5F6 /* RecommendViewController.swift */,
				D53AEA201EC98DB1009C70C3 /* GameViewController.swift */,
				D53AEA281EC9B5C6009C70C3 /* AmuseViewController.swift */,
			);
			path = Controller;
			sourceTree = "<group>";
		};
		D58835581EADD87A00DB47CB /* Model */ = {
			isa = PBXGroup;
			children = (
				D5B3D87C1EBC941C0008AA4F /* AdsModel.swift */,
				D53AEA241EC99850009C70C3 /* GameModel.swift */,
			);
			path = Model;
			sourceTree = "<group>";
		};
		D58835591EADD87A00DB47CB /* View */ = {
			isa = PBXGroup;
			children = (
				D5AEF4581EAF43BB0076A5F6 /* CollectionHeaderView.swift */,
				D5AEF4591EAF43BB0076A5F6 /* CollectionHeaderView.xib */,
				D5B3D8741EBC77BA0008AA4F /* RecommendAdv.swift */,
				D5B3D87A1EBC78B30008AA4F /* RecommendAdv.xib */,
				D53B096D1EC01F1200144377 /* AdsCollectionViewCell.swift */,
				D53B096E1EC01F1200144377 /* AdsCollectionViewCell.xib */,
				D53B09711EC0440300144377 /* GameRecommendView.swift */,
				D53B09731EC0441400144377 /* GameRecommendView.xib */,
				D53B09751EC04E6800144377 /* GameCollectionViewCell.swift */,
				D53B09761EC04E6800144377 /* GameCollectionViewCell.xib */,
			);
			path = View;
			sourceTree = "<group>";
		};
		D588355C1EADE70900DB47CB /* Extension */ = {
			isa = PBXGroup;
			children = (
				D588355D1EADE76900DB47CB /* UIBarButtonItem-Extension.swift */,
				D58835651EAE054400DB47CB /* UIColor-Extension.swift */,
				D53B75C41EB1F494005DA31D /* NSDate-Extension.swift */,
			);
			path = Extension;
			sourceTree = "<group>";
		};
		D599125C1EADA0B600B8AE0D = {
			isa = PBXGroup;
			children = (
				D59912671EADA0B700B8AE0D /* DouYuZB */,
				D59912661EADA0B700B8AE0D /* Products */,
				2C670062E8B71356FF449A24 /* Pods */,
				68556FA08C5BCCA462B2031C /* Frameworks */,
			);
			sourceTree = "<group>";
		};
		D59912661EADA0B700B8AE0D /* Products */ = {
			isa = PBXGroup;
			children = (
				D59912651EADA0B700B8AE0D /* DouYuZB.app */,
			);
			name = Products;
			sourceTree = "<group>";
		};
		D59912671EADA0B700B8AE0D /* DouYuZB */ = {
			isa = PBXGroup;
			children = (
				D58835391EADBDB000DB47CB /* Classes */,
				D59912681EADA0B700B8AE0D /* AppDelegate.swift */,
				D59912721EADA0B700B8AE0D /* Assets.xcassets */,
				D59912741EADA0B700B8AE0D /* LaunchScreen.storyboard */,
				D59912771EADA0B700B8AE0D /* Info.plist */,
				D599126F1EADA0B700B8AE0D /* DouYuZB.xcdatamodeld */,
			);
			path = DouYuZB;
			sourceTree = "<group>";
		};
/* End PBXGroup section */

/* Begin PBXNativeTarget section */
		D59912641EADA0B700B8AE0D /* DouYuZB */ = {
			isa = PBXNativeTarget;
			buildConfigurationList = D599127A1EADA0B700B8AE0D /* Build configuration list for PBXNativeTarget "DouYuZB" */;
			buildPhases = (
				399B43D07E617EC00E637049 /* [CP] Check Pods Manifest.lock */,
				D59912611EADA0B700B8AE0D /* Sources */,
				D59912621EADA0B700B8AE0D /* Frameworks */,
				D59912631EADA0B700B8AE0D /* Resources */,
				A92B9B44A7B3E356770C96E5 /* [CP] Embed Pods Frameworks */,
				A885408B4640F61A15D33FEA /* [CP] Copy Pods Resources */,
			);
			buildRules = (
			);
			dependencies = (
			);
			name = DouYuZB;
			productName = DouYuZB;
			productReference = D59912651EADA0B700B8AE0D /* DouYuZB.app */;
			productType = "com.apple.product-type.application";
		};
/* End PBXNativeTarget section */

/* Begin PBXProject section */
		D599125D1EADA0B700B8AE0D /* Project object */ = {
			isa = PBXProject;
			attributes = {
				LastSwiftUpdateCheck = 0830;
				LastUpgradeCheck = 0830;
				ORGANIZATIONNAME = "9-kylins";
				TargetAttributes = {
					D59912641EADA0B700B8AE0D = {
						CreatedOnToolsVersion = 8.3.2;
						DevelopmentTeam = Z75E959WFF;
						ProvisioningStyle = Automatic;
					};
				};
			};
			buildConfigurationList = D59912601EADA0B700B8AE0D /* Build configuration list for PBXProject "DouYuZB" */;
			compatibilityVersion = "Xcode 3.2";
			developmentRegion = English;
			hasScannedForEncodings = 0;
			knownRegions = (
				en,
				Base,
			);
			mainGroup = D599125C1EADA0B600B8AE0D;
			productRefGroup = D59912661EADA0B700B8AE0D /* Products */;
			projectDirPath = "";
			projectRoot = "";
			targets = (
				D59912641EADA0B700B8AE0D /* DouYuZB */,
			);
		};
/* End PBXProject section */

/* Begin PBXResourcesBuildPhase section */
		D59912631EADA0B700B8AE0D /* Resources */ = {
			isa = PBXResourcesBuildPhase;
			buildActionMask = 2147483647;
			files = (
				D588354C1EADD04A00DB47CB /* Discovery.storyboard in Resources */,
				D59912761EADA0B700B8AE0D /* LaunchScreen.storyboard in Resources */,
				D5B3D87B1EBC78B30008AA4F /* RecommendAdv.xib in Resources */,
				D59912731EADA0B700B8AE0D /* Assets.xcassets in Resources */,
				D5AEF45F1EAF4A230076A5F6 /* NormalCollectionViewCell.xib in Resources */,
				D599126E1EADA0B700B8AE0D /* Main.storyboard in Resources */,
				D5AEF4631EAF59460076A5F6 /* NiceCollectionViewCell.xib in Resources */,
				D53B09741EC0441400144377 /* GameRecommendView.xib in Resources */,
				D58835491EADD03300DB47CB /* Focus.storyboard in Resources */,
				D5AEF45B1EAF43BB0076A5F6 /* CollectionHeaderView.xib in Resources */,
				D58835461EADD01E00DB47CB /* Live.storyboard in Resources */,
				D53B09781EC04E6800144377 /* GameCollectionViewCell.xib in Resources */,
				D53B09701EC01F1200144377 /* AdsCollectionViewCell.xib in Resources */,
				D58835431EADCFFD00DB47CB /* Home.storyboard in Resources */,
				D588354F1EADD05700DB47CB /* Mine.storyboard in Resources */,
			);
			runOnlyForDeploymentPostprocessing = 0;
		};
/* End PBXResourcesBuildPhase section */

/* Begin PBXShellScriptBuildPhase section */
		399B43D07E617EC00E637049 /* [CP] Check Pods Manifest.lock */ = {
			isa = PBXShellScriptBuildPhase;
			buildActionMask = 2147483647;
			files = (
			);
			inputPaths = (
			);
			name = "[CP] Check Pods Manifest.lock";
			outputPaths = (
			);
			runOnlyForDeploymentPostprocessing = 0;
			shellPath = /bin/sh;
			shellScript = "diff \"${PODS_PODFILE_DIR_PATH}/Podfile.lock\" \"${PODS_ROOT}/Manifest.lock\" > /dev/null\nif [ $? != 0 ] ; then\n    # print error to STDERR\n    echo \"error: The sandbox is not in sync with the Podfile.lock. Run 'pod install' or update your CocoaPods installation.\" >&2\n    exit 1\nfi\n";
			showEnvVarsInLog = 0;
		};
		A885408B4640F61A15D33FEA /* [CP] Copy Pods Resources */ = {
			isa = PBXShellScriptBuildPhase;
			buildActionMask = 2147483647;
			files = (
			);
			inputPaths = (
			);
			name = "[CP] Copy Pods Resources";
			outputPaths = (
			);
			runOnlyForDeploymentPostprocessing = 0;
			shellPath = /bin/sh;
			shellScript = "\"${SRCROOT}/Pods/Target Support Files/Pods-DouYuZB/Pods-DouYuZB-resources.sh\"\n";
			showEnvVarsInLog = 0;
		};
		A92B9B44A7B3E356770C96E5 /* [CP] Embed Pods Frameworks */ = {
			isa = PBXShellScriptBuildPhase;
			buildActionMask = 2147483647;
			files = (
			);
			inputPaths = (
			);
			name = "[CP] Embed Pods Frameworks";
			outputPaths = (
			);
			runOnlyForDeploymentPostprocessing = 0;
			shellPath = /bin/sh;
			shellScript = "\"${SRCROOT}/Pods/Target Support Files/Pods-DouYuZB/Pods-DouYuZB-frameworks.sh\"\n";
			showEnvVarsInLog = 0;
		};
/* End PBXShellScriptBuildPhase section */

/* Begin PBXSourcesBuildPhase section */
		D59912611EADA0B700B8AE0D /* Sources */ = {
			isa = PBXSourcesBuildPhase;
			buildActionMask = 2147483647;
			files = (
				D53B75BF1EB1D1AE005DA31D /* NetworkTools.swift in Sources */,
				D53B75C71EB1FBE2005DA31D /* AnchorGroupModel.swift in Sources */,
				D5B3D8751EBC77BA0008AA4F /* RecommendAdv.swift in Sources */,
				D58835601EADEFEB00DB47CB /* PageTitleView.swift in Sources */,
				D53AEA271EC999B1009C70C3 /* BaseGameModel.swift in Sources */,
				D5AEF45E1EAF4A230076A5F6 /* NormalCollectionViewCell.swift in Sources */,
				D53AEA211EC98DB1009C70C3 /* GameViewController.swift in Sources */,
				D53AEA231EC9942B009C70C3 /* GameViewModel.swift in Sources */,
				D5B3D87D1EBC941C0008AA4F /* AdsModel.swift in Sources */,
				D5AEF45A1EAF43BB0076A5F6 /* CollectionHeaderView.swift in Sources */,
				D588355E1EADE76900DB47CB /* UIBarButtonItem-Extension.swift in Sources */,
				D53B09771EC04E6800144377 /* GameCollectionViewCell.swift in Sources */,
				D53AEA291EC9B5C6009C70C3 /* AmuseViewController.swift in Sources */,
				D58835561EADD84700DB47CB /* MainViewController.swift in Sources */,
				D5AEF4621EAF59460076A5F6 /* NiceCollectionViewCell.swift in Sources */,
				D58835641EAE026700DB47CB /* PageContentView.swift in Sources */,
				D53AEA2B1EC9C003009C70C3 /* AmuseViewModel.swift in Sources */,
				D58835661EAE054400DB47CB /* UIColor-Extension.swift in Sources */,
				D5B3D8731EBC66E60008AA4F /* BaseCollectionViewCell.swift in Sources */,
				D59912711EADA0B700B8AE0D /* DouYuZB.xcdatamodeld in Sources */,
				D53B75C51EB1F494005DA31D /* NSDate-Extension.swift in Sources */,
				D59912691EADA0B700B8AE0D /* AppDelegate.swift in Sources */,
				D588355B1EADD8B500DB47CB /* HomeViewController.swift in Sources */,
				D53AEA251EC99850009C70C3 /* GameModel.swift in Sources */,
				D53B09721EC0440300144377 /* GameRecommendView.swift in Sources */,
				D58835621EADF1DB00DB47CB /* Common.swift in Sources */,
				D53B75C31EB1F0EC005DA31D /* RecommendViewModel.swift in Sources */,
				D53B096F1EC01F1200144377 /* AdsCollectionViewCell.swift in Sources */,
				D53B75C91EB2017F005DA31D /* AnchorModel.swift in Sources */,
				D5AEF4571EAF365D0076A5F6 /* RecommendViewController.swift in Sources */,
			);
			runOnlyForDeploymentPostprocessing = 0;
		};
/* End PBXSourcesBuildPhase section */

/* Begin PBXVariantGroup section */
		D58835411EADCFFD00DB47CB /* Home.storyboard */ = {
			isa = PBXVariantGroup;
			children = (
				D58835421EADCFFD00DB47CB /* Base */,
			);
			name = Home.storyboard;
			path = ../../Main;
			sourceTree = "<group>";
		};
		D58835441EADD01E00DB47CB /* Live.storyboard */ = {
			isa = PBXVariantGroup;
			children = (
				D58835451EADD01E00DB47CB /* Base */,
			);
			name = Live.storyboard;
			path = ../Main;
			sourceTree = "<group>";
		};
		D58835471EADD03300DB47CB /* Focus.storyboard */ = {
			isa = PBXVariantGroup;
			children = (
				D58835481EADD03300DB47CB /* Base */,
			);
			name = Focus.storyboard;
			path = ../Main;
			sourceTree = "<group>";
		};
		D588354A1EADD04A00DB47CB /* Discovery.storyboard */ = {
			isa = PBXVariantGroup;
			children = (
				D588354B1EADD04A00DB47CB /* Base */,
			);
			name = Discovery.storyboard;
			path = ../Main;
			sourceTree = "<group>";
		};
		D588354D1EADD05700DB47CB /* Mine.storyboard */ = {
			isa = PBXVariantGroup;
			children = (
				D588354E1EADD05700DB47CB /* Base */,
			);
			name = Mine.storyboard;
			path = ../Main;
			sourceTree = "<group>";
		};
		D599126C1EADA0B700B8AE0D /* Main.storyboard */ = {
			isa = PBXVariantGroup;
			children = (
				D599126D1EADA0B700B8AE0D /* Base */,
			);
			name = Main.storyboard;
			path = ../../..;
			sourceTree = "<group>";
		};
		D59912741EADA0B700B8AE0D /* LaunchScreen.storyboard */ = {
			isa = PBXVariantGroup;
			children = (
				D59912751EADA0B700B8AE0D /* Base */,
			);
			name = LaunchScreen.storyboard;
			sourceTree = "<group>";
		};
/* End PBXVariantGroup section */

/* Begin XCBuildConfiguration section */
		D59912781EADA0B700B8AE0D /* Debug */ = {
			isa = XCBuildConfiguration;
			buildSettings = {
				ALWAYS_SEARCH_USER_PATHS = NO;
				CLANG_ANALYZER_NONNULL = YES;
				CLANG_ANALYZER_NUMBER_OBJECT_CONVERSION = YES_AGGRESSIVE;
				CLANG_CXX_LANGUAGE_STANDARD = "gnu++0x";
				CLANG_CXX_LIBRARY = "libc++";
				CLANG_ENABLE_MODULES = YES;
				CLANG_ENABLE_OBJC_ARC = YES;
				CLANG_WARN_BOOL_CONVERSION = YES;
				CLANG_WARN_CONSTANT_CONVERSION = YES;
				CLANG_WARN_DIRECT_OBJC_ISA_USAGE = YES_ERROR;
				CLANG_WARN_DOCUMENTATION_COMMENTS = YES;
				CLANG_WARN_EMPTY_BODY = YES;
				CLANG_WARN_ENUM_CONVERSION = YES;
				CLANG_WARN_INFINITE_RECURSION = YES;
				CLANG_WARN_INT_CONVERSION = YES;
				CLANG_WARN_OBJC_ROOT_CLASS = YES_ERROR;
				CLANG_WARN_SUSPICIOUS_MOVE = YES;
				CLANG_WARN_UNREACHABLE_CODE = YES;
				CLANG_WARN__DUPLICATE_METHOD_MATCH = YES;
				"CODE_SIGN_IDENTITY[sdk=iphoneos*]" = "iPhone Developer";
				COPY_PHASE_STRIP = NO;
				DEBUG_INFORMATION_FORMAT = dwarf;
				ENABLE_STRICT_OBJC_MSGSEND = YES;
				ENABLE_TESTABILITY = YES;
				GCC_C_LANGUAGE_STANDARD = gnu99;
				GCC_DYNAMIC_NO_PIC = NO;
				GCC_NO_COMMON_BLOCKS = YES;
				GCC_OPTIMIZATION_LEVEL = 0;
				GCC_PREPROCESSOR_DEFINITIONS = (
					"DEBUG=1",
					"$(inherited)",
				);
				GCC_WARN_64_TO_32_BIT_CONVERSION = YES;
				GCC_WARN_ABOUT_RETURN_TYPE = YES_ERROR;
				GCC_WARN_UNDECLARED_SELECTOR = YES;
				GCC_WARN_UNINITIALIZED_AUTOS = YES_AGGRESSIVE;
				GCC_WARN_UNUSED_FUNCTION = YES;
				GCC_WARN_UNUSED_VARIABLE = YES;
				IPHONEOS_DEPLOYMENT_TARGET = 10.3;
				MTL_ENABLE_DEBUG_INFO = YES;
				ONLY_ACTIVE_ARCH = YES;
				SDKROOT = iphoneos;
				SWIFT_ACTIVE_COMPILATION_CONDITIONS = DEBUG;
				SWIFT_OPTIMIZATION_LEVEL = "-Onone";
				TARGETED_DEVICE_FAMILY = "1,2";
			};
			name = Debug;
		};
		D59912791EADA0B700B8AE0D /* Release */ = {
			isa = XCBuildConfiguration;
			buildSettings = {
				ALWAYS_SEARCH_USER_PATHS = NO;
				CLANG_ANALYZER_NONNULL = YES;
				CLANG_ANALYZER_NUMBER_OBJECT_CONVERSION = YES_AGGRESSIVE;
				CLANG_CXX_LANGUAGE_STANDARD = "gnu++0x";
				CLANG_CXX_LIBRARY = "libc++";
				CLANG_ENABLE_MODULES = YES;
				CLANG_ENABLE_OBJC_ARC = YES;
				CLANG_WARN_BOOL_CONVERSION = YES;
				CLANG_WARN_CONSTANT_CONVERSION = YES;
				CLANG_WARN_DIRECT_OBJC_ISA_USAGE = YES_ERROR;
				CLANG_WARN_DOCUMENTATION_COMMENTS = YES;
				CLANG_WARN_EMPTY_BODY = YES;
				CLANG_WARN_ENUM_CONVERSION = YES;
				CLANG_WARN_INFINITE_RECURSION = YES;
				CLANG_WARN_INT_CONVERSION = YES;
				CLANG_WARN_OBJC_ROOT_CLASS = YES_ERROR;
				CLANG_WARN_SUSPICIOUS_MOVE = YES;
				CLANG_WARN_UNREACHABLE_CODE = YES;
				CLANG_WARN__DUPLICATE_METHOD_MATCH = YES;
				"CODE_SIGN_IDENTITY[sdk=iphoneos*]" = "iPhone Developer";
				COPY_PHASE_STRIP = NO;
				DEBUG_INFORMATION_FORMAT = "dwarf-with-dsym";
				ENABLE_NS_ASSERTIONS = NO;
				ENABLE_STRICT_OBJC_MSGSEND = YES;
				GCC_C_LANGUAGE_STANDARD = gnu99;
				GCC_NO_COMMON_BLOCKS = YES;
				GCC_WARN_64_TO_32_BIT_CONVERSION = YES;
				GCC_WARN_ABOUT_RETURN_TYPE = YES_ERROR;
				GCC_WARN_UNDECLARED_SELECTOR = YES;
				GCC_WARN_UNINITIALIZED_AUTOS = YES_AGGRESSIVE;
				GCC_WARN_UNUSED_FUNCTION = YES;
				GCC_WARN_UNUSED_VARIABLE = YES;
				IPHONEOS_DEPLOYMENT_TARGET = 10.3;
				MTL_ENABLE_DEBUG_INFO = NO;
				SDKROOT = iphoneos;
				SWIFT_OPTIMIZATION_LEVEL = "-Owholemodule";
				TARGETED_DEVICE_FAMILY = "1,2";
				VALIDATE_PRODUCT = YES;
			};
			name = Release;
		};
		D599127B1EADA0B700B8AE0D /* Debug */ = {
			isa = XCBuildConfiguration;
			baseConfigurationReference = D4967E4C26DC946C756C792B /* Pods-DouYuZB.debug.xcconfig */;
			buildSettings = {
				ASSETCATALOG_COMPILER_APPICON_NAME = AppIcon;
				ASSETCATALOG_COMPILER_LAUNCHIMAGE_NAME = LaunchImage;
				"CODE_SIGN_IDENTITY[sdk=iphoneos*]" = "iPhone Developer";
				DEVELOPMENT_TEAM = Z75E959WFF;
				INFOPLIST_FILE = DouYuZB/Info.plist;
				IPHONEOS_DEPLOYMENT_TARGET = 9.0;
				LD_RUNPATH_SEARCH_PATHS = "$(inherited) @executable_path/Frameworks";
				PRODUCT_BUNDLE_IDENTIFIER = com.wongyu.DouYuZB;
				PRODUCT_NAME = "$(TARGET_NAME)";
				PROVISIONING_PROFILE_SPECIFIER = "";
				SWIFT_VERSION = 3.0;
				TARGETED_DEVICE_FAMILY = 1;
			};
			name = Debug;
		};
		D599127C1EADA0B700B8AE0D /* Release */ = {
			isa = XCBuildConfiguration;
			baseConfigurationReference = 17DACAE3AAD6231C80F33A5A /* Pods-DouYuZB.release.xcconfig */;
			buildSettings = {
				ASSETCATALOG_COMPILER_APPICON_NAME = AppIcon;
				ASSETCATALOG_COMPILER_LAUNCHIMAGE_NAME = LaunchImage;
				"CODE_SIGN_IDENTITY[sdk=iphoneos*]" = "iPhone Developer";
				DEVELOPMENT_TEAM = Z75E959WFF;
				INFOPLIST_FILE = DouYuZB/Info.plist;
				IPHONEOS_DEPLOYMENT_TARGET = 9.0;
				LD_RUNPATH_SEARCH_PATHS = "$(inherited) @executable_path/Frameworks";
				PRODUCT_BUNDLE_IDENTIFIER = com.wongyu.DouYuZB;
				PRODUCT_NAME = "$(TARGET_NAME)";
				PROVISIONING_PROFILE_SPECIFIER = "";
				SWIFT_VERSION = 3.0;
				TARGETED_DEVICE_FAMILY = 1;
			};
			name = Release;
		};
/* End XCBuildConfiguration section */

/* Begin XCConfigurationList section */
		D59912601EADA0B700B8AE0D /* Build configuration list for PBXProject "DouYuZB" */ = {
			isa = XCConfigurationList;
			buildConfigurations = (
				D59912781EADA0B700B8AE0D /* Debug */,
				D59912791EADA0B700B8AE0D /* Release */,
			);
			defaultConfigurationIsVisible = 0;
			defaultConfigurationName = Release;
		};
		D599127A1EADA0B700B8AE0D /* Build configuration list for PBXNativeTarget "DouYuZB" */ = {
			isa = XCConfigurationList;
			buildConfigurations = (
				D599127B1EADA0B700B8AE0D /* Debug */,
				D599127C1EADA0B700B8AE0D /* Release */,
			);
			defaultConfigurationIsVisible = 0;
			defaultConfigurationName = Release;
		};
/* End XCConfigurationList section */

/* Begin XCVersionGroup section */
		D599126F1EADA0B700B8AE0D /* DouYuZB.xcdatamodeld */ = {
			isa = XCVersionGroup;
			children = (
				D59912701EADA0B700B8AE0D /* DouYuZB.xcdatamodel */,
			);
			currentVersion = D59912701EADA0B700B8AE0D /* DouYuZB.xcdatamodel */;
			path = DouYuZB.xcdatamodeld;
			sourceTree = "<group>";
			versionGroupType = wrapper.xcdatamodel;
		};
/* End XCVersionGroup section */
	};
	rootObject = D599125D1EADA0B700B8AE0D /* Project object */;
}
